
Microsoft Visual Studio Solution File, Format Version 12.00
# Visual Studio 15
VisualStudioVersion = 15.0.28307.1259
MinimumVisualStudioVersion = 10.0.40219.1
Project("{FAE04EC0-301F-11D3-BF4B-00C04F79EFBC}") = "Yulgang Lighting", "Yulgang Lighting\Yulgang Lighting.csproj", "{A6B8D18A-5E7B-477F-8A8D-8B02720C099D}"
EndProject
Global
	GlobalSection(SolutionConfigurationPlatforms) = preSolution
		Debug|Any CPU = Debug|Any CPU
		Release|Any CPU = Release|Any CPU
	EndGlobalSection
	GlobalSection(ProjectConfigurationPlatforms) = postSolution
		{A6B8D18A-5E7B-477F-8A8D-8B02720C099D}.Debug|Any CPU.ActiveCfg = Debug|Any CPU
		{A6B8D18A-5E7B-477F-8A8D-8B02720C099D}.Debug|Any CPU.Build.0 = Debug|Any CPU
		{A6B8D18A-5E7B-477F-8A8D-8B02720C099D}.Release|Any CPU.ActiveCfg = Release|Any CPU
		{A6B8D18A-5E7B-477F-8A8D-8B02720C099D}.Release|Any CPU.Build.0 = Release|Any CPU
	EndGlobalSection
	GlobalSection(SolutionProperties) = preSolution
		HideSolutionNode = FALSE
	EndGlobalSection
	GlobalSection(ExtensibilityGlobals) = postSolution
		SolutionGuid = {9F85F798-8A2C-4973-880B-DED8E4FF507A}
	EndGlobalSection
EndGlobal
